// !$*UTF8*$!
{
	archiveVersion = 1;
	classes = {
	};
	objectVersion = 51;
	objects = {

/* Begin PBXBuildFile section */
		03D377B8235AD618008759E0 /* AppDelegate.swift in Sources */ = {isa = PBXBuildFile; fileRef = 03D377B7235AD618008759E0 /* AppDelegate.swift */; };
		03D377BA235AD618008759E0 /* SceneDelegate.swift in Sources */ = {isa = PBXBuildFile; fileRef = 03D377B9235AD618008759E0 /* SceneDelegate.swift */; };
		03D377BC235AD618008759E0 /* ViewController.swift in Sources */ = {isa = PBXBuildFile; fileRef = 03D377BB235AD618008759E0 /* ViewController.swift */; };
		03D377BF235AD618008759E0 /* Main.storyboard in Resources */ = {isa = PBXBuildFile; fileRef = 03D377BD235AD618008759E0 /* Main.storyboard */; };
		03D377C1235AD61B008759E0 /* Assets.xcassets in Resources */ = {isa = PBXBuildFile; fileRef = 03D377C0235AD61B008759E0 /* Assets.xcassets */; };
		03D377C4235AD61B008759E0 /* LaunchScreen.storyboard in Resources */ = {isa = PBXBuildFile; fileRef = 03D377C2235AD61B008759E0 /* LaunchScreen.storyboard */; };
		03D377D8235AFBAE008759E0 /* GoogleService-Info.plist in Resources */ = {isa = PBXBuildFile; fileRef = 03D377D7235AFBAE008759E0 /* GoogleService-Info.plist */; };
		03DFADBE235B053C00D891AC /* RxSwift.framework in Frameworks */ = {isa = PBXBuildFile; fileRef = 03DFADBD235B053C00D891AC /* RxSwift.framework */; };
		03DFADBF235B053C00D891AC /* RxSwift.framework in Embed Frameworks */ = {isa = PBXBuildFile; fileRef = 03DFADBD235B053C00D891AC /* RxSwift.framework */; settings = {ATTRIBUTES = (CodeSignOnCopy, RemoveHeadersOnCopy, ); }; };
		03DFADC2235B054D00D891AC /* RxCocoa.framework in Frameworks */ = {isa = PBXBuildFile; fileRef = 03DFADC1235B054D00D891AC /* RxCocoa.framework */; };
		03DFADC3235B054D00D891AC /* RxCocoa.framework in Embed Frameworks */ = {isa = PBXBuildFile; fileRef = 03DFADC1235B054D00D891AC /* RxCocoa.framework */; settings = {ATTRIBUTES = (CodeSignOnCopy, RemoveHeadersOnCopy, ); }; };
		03DFADC5235B055B00D891AC /* RxRelay.framework in Frameworks */ = {isa = PBXBuildFile; fileRef = 03DFADC4235B055B00D891AC /* RxRelay.framework */; };
		03DFADC6235B055B00D891AC /* RxRelay.framework in Embed Frameworks */ = {isa = PBXBuildFile; fileRef = 03DFADC4235B055B00D891AC /* RxRelay.framework */; settings = {ATTRIBUTES = (CodeSignOnCopy, RemoveHeadersOnCopy, ); }; };
		03DFADCA235B070100D891AC /* UIViewController+Extended.swift in Sources */ = {isa = PBXBuildFile; fileRef = 03DFADC9235B070100D891AC /* UIViewController+Extended.swift */; };
		03DFADCC235B117900D891AC /* NSObject_Rx.framework in Frameworks */ = {isa = PBXBuildFile; fileRef = 03DFADCB235B117900D891AC /* NSObject_Rx.framework */; };
		03DFADCD235B117900D891AC /* NSObject_Rx.framework in Embed Frameworks */ = {isa = PBXBuildFile; fileRef = 03DFADCB235B117900D891AC /* NSObject_Rx.framework */; settings = {ATTRIBUTES = (CodeSignOnCopy, RemoveHeadersOnCopy, ); }; };
		03DFADD8235B711900D891AC /* R.generated.swift in Sources */ = {isa = PBXBuildFile; fileRef = 03DFADD7235B711900D891AC /* R.generated.swift */; };
		03DFADDA235C0F7000D891AC /* TransitionableTab.framework in Frameworks */ = {isa = PBXBuildFile; fileRef = 03DFADD9235C0F7000D891AC /* TransitionableTab.framework */; };
		03DFADDB235C0F7000D891AC /* TransitionableTab.framework in Embed Frameworks */ = {isa = PBXBuildFile; fileRef = 03DFADD9235C0F7000D891AC /* TransitionableTab.framework */; settings = {ATTRIBUTES = (CodeSignOnCopy, RemoveHeadersOnCopy, ); }; };
		03DFADDD235C0F8000D891AC /* FontAwesome.framework in Frameworks */ = {isa = PBXBuildFile; fileRef = 03DFADDC235C0F8000D891AC /* FontAwesome.framework */; };
		03DFADDE235C0F8000D891AC /* FontAwesome.framework in Embed Frameworks */ = {isa = PBXBuildFile; fileRef = 03DFADDC235C0F8000D891AC /* FontAwesome.framework */; settings = {ATTRIBUTES = (CodeSignOnCopy, RemoveHeadersOnCopy, ); }; };
		03DFADE1235C103C00D891AC /* TabItems.swift in Sources */ = {isa = PBXBuildFile; fileRef = 03DFADE0235C103C00D891AC /* TabItems.swift */; };
		03DFADE7235C123700D891AC /* TabAnimations.swift in Sources */ = {isa = PBXBuildFile; fileRef = 03DFADE6235C123700D891AC /* TabAnimations.swift */; };
		03DFADE9235C12FC00D891AC /* TabBar.storyboard in Resources */ = {isa = PBXBuildFile; fileRef = 03DFADE8235C12FC00D891AC /* TabBar.storyboard */; };
		03DFADEB235C133700D891AC /* TabBarController.swift in Sources */ = {isa = PBXBuildFile; fileRef = 03DFADEA235C133700D891AC /* TabBarController.swift */; };
		03DFADED235C13CD00D891AC /* UIColor+Extended.swift in Sources */ = {isa = PBXBuildFile; fileRef = 03DFADEC235C13CD00D891AC /* UIColor+Extended.swift */; };
		03DFADEF235C149E00D891AC /* TestOne.storyboard in Resources */ = {isa = PBXBuildFile; fileRef = 03DFADEE235C149E00D891AC /* TestOne.storyboard */; };
		03DFADF1235C152C00D891AC /* TestOneViewController.swift in Sources */ = {isa = PBXBuildFile; fileRef = 03DFADF0235C152C00D891AC /* TestOneViewController.swift */; };
		03DFADF3235C157700D891AC /* TestTwo.storyboard in Resources */ = {isa = PBXBuildFile; fileRef = 03DFADF2235C157700D891AC /* TestTwo.storyboard */; };
		03DFADF5235C159F00D891AC /* TestTwoViewController.swift in Sources */ = {isa = PBXBuildFile; fileRef = 03DFADF4235C159F00D891AC /* TestTwoViewController.swift */; };
		03DFADF7235C15D000D891AC /* TestThree.storyboard in Resources */ = {isa = PBXBuildFile; fileRef = 03DFADF6235C15D000D891AC /* TestThree.storyboard */; };
		03DFADF9235C160800D891AC /* TestThreeViewController.swift in Sources */ = {isa = PBXBuildFile; fileRef = 03DFADF8235C160800D891AC /* TestThreeViewController.swift */; };
		B2ED5017E14858AC01864AF3 /* Pods_Test4.framework in Frameworks */ = {isa = PBXBuildFile; fileRef = D7CBDC153496D9BA620E24DC /* Pods_Test4.framework */; };
/* End PBXBuildFile section */

/* Begin PBXCopyFilesBuildPhase section */
		03DFADC0235B053C00D891AC /* Embed Frameworks */ = {
			isa = PBXCopyFilesBuildPhase;
			buildActionMask = 2147483647;
			dstPath = "";
			dstSubfolderSpec = 10;
			files = (
				03DFADDB235C0F7000D891AC /* TransitionableTab.framework in Embed Frameworks */,
				03DFADC3235B054D00D891AC /* RxCocoa.framework in Embed Frameworks */,
				03DFADBF235B053C00D891AC /* RxSwift.framework in Embed Frameworks */,
				03DFADCD235B117900D891AC /* NSObject_Rx.framework in Embed Frameworks */,
				03DFADC6235B055B00D891AC /* RxRelay.framework in Embed Frameworks */,
				03DFADDE235C0F8000D891AC /* FontAwesome.framework in Embed Frameworks */,
			);
			name = "Embed Frameworks";
			runOnlyForDeploymentPostprocessing = 0;
		};
/* End PBXCopyFilesBuildPhase section */

/* Begin PBXFileReference section */
		03D377B4235AD618008759E0 /* Test4.app */ = {isa = PBXFileReference; explicitFileType = wrapper.application; includeInIndex = 0; path = Test4.app; sourceTree = BUILT_PRODUCTS_DIR; };
		03D377B7235AD618008759E0 /* AppDelegate.swift */ = {isa = PBXFileReference; lastKnownFileType = sourcecode.swift; path = AppDelegate.swift; sourceTree = "<group>"; };
		03D377B9235AD618008759E0 /* SceneDelegate.swift */ = {isa = PBXFileReference; lastKnownFileType = sourcecode.swift; path = SceneDelegate.swift; sourceTree = "<group>"; };
		03D377BB235AD618008759E0 /* ViewController.swift */ = {isa = PBXFileReference; lastKnownFileType = sourcecode.swift; path = ViewController.swift; sourceTree = "<group>"; };
		03D377BE235AD618008759E0 /* Base */ = {isa = PBXFileReference; lastKnownFileType = file.storyboard; name = Base; path = Base.lproj/Main.storyboard; sourceTree = "<group>"; };
		03D377C0235AD61B008759E0 /* Assets.xcassets */ = {isa = PBXFileReference; lastKnownFileType = folder.assetcatalog; path = Assets.xcassets; sourceTree = "<group>"; };
		03D377C3235AD61B008759E0 /* Base */ = {isa = PBXFileReference; lastKnownFileType = file.storyboard; name = Base; path = Base.lproj/LaunchScreen.storyboard; sourceTree = "<group>"; };
		03D377C5235AD61B008759E0 /* Info.plist */ = {isa = PBXFileReference; lastKnownFileType = text.plist.xml; path = Info.plist; sourceTree = "<group>"; };
		03D377D7235AFBAE008759E0 /* GoogleService-Info.plist */ = {isa = PBXFileReference; fileEncoding = 4; lastKnownFileType = text.plist.xml; path = "GoogleService-Info.plist"; sourceTree = "<group>"; };
		03DFADBD235B053C00D891AC /* RxSwift.framework */ = {isa = PBXFileReference; lastKnownFileType = wrapper.framework; name = RxSwift.framework; path = Carthage/Build/iOS/RxSwift.framework; sourceTree = "<group>"; };
		03DFADC1235B054D00D891AC /* RxCocoa.framework */ = {isa = PBXFileReference; lastKnownFileType = wrapper.framework; name = RxCocoa.framework; path = Carthage/Build/iOS/RxCocoa.framework; sourceTree = "<group>"; };
		03DFADC4235B055B00D891AC /* RxRelay.framework */ = {isa = PBXFileReference; lastKnownFileType = wrapper.framework; name = RxRelay.framework; path = Carthage/Build/iOS/RxRelay.framework; sourceTree = "<group>"; };
		03DFADC9235B070100D891AC /* UIViewController+Extended.swift */ = {isa = PBXFileReference; lastKnownFileType = sourcecode.swift; path = "UIViewController+Extended.swift"; sourceTree = "<group>"; };
		03DFADCB235B117900D891AC /* NSObject_Rx.framework */ = {isa = PBXFileReference; lastKnownFileType = wrapper.framework; name = NSObject_Rx.framework; path = Carthage/Build/iOS/NSObject_Rx.framework; sourceTree = "<group>"; };
		03DFADD7235B711900D891AC /* R.generated.swift */ = {isa = PBXFileReference; fileEncoding = 4; lastKnownFileType = sourcecode.swift; path = R.generated.swift; sourceTree = SOURCE_ROOT; };
		03DFADD9235C0F7000D891AC /* TransitionableTab.framework */ = {isa = PBXFileReference; lastKnownFileType = wrapper.framework; name = TransitionableTab.framework; path = Carthage/Build/iOS/TransitionableTab.framework; sourceTree = "<group>"; };
		03DFADDC235C0F8000D891AC /* FontAwesome.framework */ = {isa = PBXFileReference; lastKnownFileType = wrapper.framework; name = FontAwesome.framework; path = Carthage/Build/iOS/FontAwesome.framework; sourceTree = "<group>"; };
		03DFADE0235C103C00D891AC /* TabItems.swift */ = {isa = PBXFileReference; lastKnownFileType = sourcecode.swift; path = TabItems.swift; sourceTree = "<group>"; };
		03DFADE6235C123700D891AC /* TabAnimations.swift */ = {isa = PBXFileReference; lastKnownFileType = sourcecode.swift; path = TabAnimations.swift; sourceTree = "<group>"; };
		03DFADE8235C12FC00D891AC /* TabBar.storyboard */ = {isa = PBXFileReference; lastKnownFileType = file.storyboard; path = TabBar.storyboard; sourceTree = "<group>"; };
		03DFADEA235C133700D891AC /* TabBarController.swift */ = {isa = PBXFileReference; lastKnownFileType = sourcecode.swift; path = TabBarController.swift; sourceTree = "<group>"; };
		03DFADEC235C13CD00D891AC /* UIColor+Extended.swift */ = {isa = PBXFileReference; lastKnownFileType = sourcecode.swift; path = "UIColor+Extended.swift"; sourceTree = "<group>"; };
		03DFADEE235C149E00D891AC /* TestOne.storyboard */ = {isa = PBXFileReference; lastKnownFileType = file.storyboard; path = TestOne.storyboard; sourceTree = "<group>"; };
		03DFADF0235C152C00D891AC /* TestOneViewController.swift */ = {isa = PBXFileReference; lastKnownFileType = sourcecode.swift; path = TestOneViewController.swift; sourceTree = "<group>"; };
		03DFADF2235C157700D891AC /* TestTwo.storyboard */ = {isa = PBXFileReference; lastKnownFileType = file.storyboard; path = TestTwo.storyboard; sourceTree = "<group>"; };
		03DFADF4235C159F00D891AC /* TestTwoViewController.swift */ = {isa = PBXFileReference; lastKnownFileType = sourcecode.swift; path = TestTwoViewController.swift; sourceTree = "<group>"; };
		03DFADF6235C15D000D891AC /* TestThree.storyboard */ = {isa = PBXFileReference; lastKnownFileType = file.storyboard; path = TestThree.storyboard; sourceTree = "<group>"; };
		03DFADF8235C160800D891AC /* TestThreeViewController.swift */ = {isa = PBXFileReference; lastKnownFileType = sourcecode.swift; path = TestThreeViewController.swift; sourceTree = "<group>"; };
		4738F73DDD6D7AF7903841CC /* Pods-Test4.debug.xcconfig */ = {isa = PBXFileReference; includeInIndex = 1; lastKnownFileType = text.xcconfig; name = "Pods-Test4.debug.xcconfig"; path = "Target Support Files/Pods-Test4/Pods-Test4.debug.xcconfig"; sourceTree = "<group>"; };
		D7CBDC153496D9BA620E24DC /* Pods_Test4.framework */ = {isa = PBXFileReference; explicitFileType = wrapper.framework; includeInIndex = 0; path = Pods_Test4.framework; sourceTree = BUILT_PRODUCTS_DIR; };
		E918870B48680B3F01894297 /* Pods-Test4.release.xcconfig */ = {isa = PBXFileReference; includeInIndex = 1; lastKnownFileType = text.xcconfig; name = "Pods-Test4.release.xcconfig"; path = "Target Support Files/Pods-Test4/Pods-Test4.release.xcconfig"; sourceTree = "<group>"; };
/* End PBXFileReference section */

/* Begin PBXFrameworksBuildPhase section */
		03D377B1235AD618008759E0 /* Frameworks */ = {
			isa = PBXFrameworksBuildPhase;
			buildActionMask = 2147483647;
			files = (
				03DFADC5235B055B00D891AC /* RxRelay.framework in Frameworks */,
				03DFADC2235B054D00D891AC /* RxCocoa.framework in Frameworks */,
				03DFADDD235C0F8000D891AC /* FontAwesome.framework in Frameworks */,
				03DFADBE235B053C00D891AC /* RxSwift.framework in Frameworks */,
				B2ED5017E14858AC01864AF3 /* Pods_Test4.framework in Frameworks */,
				03DFADCC235B117900D891AC /* NSObject_Rx.framework in Frameworks */,
				03DFADDA235C0F7000D891AC /* TransitionableTab.framework in Frameworks */,
			);
			runOnlyForDeploymentPostprocessing = 0;
		};
/* End PBXFrameworksBuildPhase section */

/* Begin PBXGroup section */
		03D377AB235AD618008759E0 = {
			isa = PBXGroup;
			children = (
				03D377B6235AD618008759E0 /* Test4 */,
				03D377B5235AD618008759E0 /* Products */,
				A1F055F11E33DAFB31686FF7 /* Pods */,
				9827DDFCE97AC8F74506AE8B /* Frameworks */,
			);
			sourceTree = "<group>";
		};
		03D377B5235AD618008759E0 /* Products */ = {
			isa = PBXGroup;
			children = (
				03D377B4235AD618008759E0 /* Test4.app */,
			);
			name = Products;
			sourceTree = "<group>";
		};
		03D377B6235AD618008759E0 /* Test4 */ = {
			isa = PBXGroup;
			children = (
				03DFADB9235AFD4C00D891AC /* src */,
				03D377DB235AFC67008759E0 /* SupportingFiles */,
				03D377B7235AD618008759E0 /* AppDelegate.swift */,
				03D377B9235AD618008759E0 /* SceneDelegate.swift */,
				03DFADD7235B711900D891AC /* R.generated.swift */,
				03D377C0235AD61B008759E0 /* Assets.xcassets */,
				03D377C5235AD61B008759E0 /* Info.plist */,
			);
			path = Test4;
			sourceTree = "<group>";
		};
		03D377DB235AFC67008759E0 /* SupportingFiles */ = {
			isa = PBXGroup;
			children = (
				03D377D7235AFBAE008759E0 /* GoogleService-Info.plist */,
			);
			path = SupportingFiles;
			sourceTree = "<group>";
		};
		03DFADB9235AFD4C00D891AC /* src */ = {
			isa = PBXGroup;
			children = (
				03DFADC8235B06E900D891AC /* Extensions */,
				03DFADBA235AFD6500D891AC /* Views */,
			);
			path = src;
			sourceTree = "<group>";
		};
		03DFADBA235AFD6500D891AC /* Views */ = {
			isa = PBXGroup;
			children = (
				03DFADE4235C110800D891AC /* Test3 */,
				03DFADE3235C110300D891AC /* Test2 */,
				03DFADE2235C10FB00D891AC /* Test1 */,
				03DFADDF235C102500D891AC /* TabBar */,
				03DFADBC235AFDDE00D891AC /* Launch */,
				03DFADBB235AFDD600D891AC /* AppTop */,
			);
			path = Views;
			sourceTree = "<group>";
		};
		03DFADBB235AFDD600D891AC /* AppTop */ = {
			isa = PBXGroup;
			children = (
				03D377BD235AD618008759E0 /* Main.storyboard */,
				03D377BB235AD618008759E0 /* ViewController.swift */,
			);
			path = AppTop;
			sourceTree = "<group>";
		};
		03DFADBC235AFDDE00D891AC /* Launch */ = {
			isa = PBXGroup;
			children = (
				03D377C2235AD61B008759E0 /* LaunchScreen.storyboard */,
			);
			path = Launch;
			sourceTree = "<group>";
		};
		03DFADC8235B06E900D891AC /* Extensions */ = {
			isa = PBXGroup;
			children = (
				03DFADC9235B070100D891AC /* UIViewController+Extended.swift */,
				03DFADEC235C13CD00D891AC /* UIColor+Extended.swift */,
			);
			path = Extensions;
			sourceTree = "<group>";
		};
		03DFADDF235C102500D891AC /* TabBar */ = {
			isa = PBXGroup;
			children = (
				03DFADE5235C120200D891AC /* Util */,
				03DFADE8235C12FC00D891AC /* TabBar.storyboard */,
				03DFADEA235C133700D891AC /* TabBarController.swift */,
			);
			path = TabBar;
			sourceTree = "<group>";
		};
		03DFADE2235C10FB00D891AC /* Test1 */ = {
			isa = PBXGroup;
			children = (
				03DFADEE235C149E00D891AC /* TestOne.storyboard */,
				03DFADF0235C152C00D891AC /* TestOneViewController.swift */,
			);
			path = Test1;
			sourceTree = "<group>";
		};
		03DFADE3235C110300D891AC /* Test2 */ = {
			isa = PBXGroup;
			children = (
				03DFADF2235C157700D891AC /* TestTwo.storyboard */,
				03DFADF4235C159F00D891AC /* TestTwoViewController.swift */,
			);
			path = Test2;
			sourceTree = "<group>";
		};
		03DFADE4235C110800D891AC /* Test3 */ = {
			isa = PBXGroup;
			children = (
				03DFADF6235C15D000D891AC /* TestThree.storyboard */,
				03DFADF8235C160800D891AC /* TestThreeViewController.swift */,
			);
			path = Test3;
			sourceTree = "<group>";
		};
		03DFADE5235C120200D891AC /* Util */ = {
			isa = PBXGroup;
			children = (
				03DFADE0235C103C00D891AC /* TabItems.swift */,
				03DFADE6235C123700D891AC /* TabAnimations.swift */,
			);
			path = Util;
			sourceTree = "<group>";
		};
		9827DDFCE97AC8F74506AE8B /* Frameworks */ = {
			isa = PBXGroup;
			children = (
				03DFADDC235C0F8000D891AC /* FontAwesome.framework */,
				03DFADD9235C0F7000D891AC /* TransitionableTab.framework */,
				03DFADCB235B117900D891AC /* NSObject_Rx.framework */,
				03DFADC4235B055B00D891AC /* RxRelay.framework */,
				03DFADC1235B054D00D891AC /* RxCocoa.framework */,
				03DFADBD235B053C00D891AC /* RxSwift.framework */,
				D7CBDC153496D9BA620E24DC /* Pods_Test4.framework */,
			);
			name = Frameworks;
			sourceTree = "<group>";
		};
		A1F055F11E33DAFB31686FF7 /* Pods */ = {
			isa = PBXGroup;
			children = (
				4738F73DDD6D7AF7903841CC /* Pods-Test4.debug.xcconfig */,
				E918870B48680B3F01894297 /* Pods-Test4.release.xcconfig */,
			);
			path = Pods;
			sourceTree = "<group>";
		};
/* End PBXGroup section */

/* Begin PBXNativeTarget section */
		03D377B3235AD618008759E0 /* Test4 */ = {
			isa = PBXNativeTarget;
			buildConfigurationList = 03D377C8235AD61B008759E0 /* Build configuration list for PBXNativeTarget "Test4" */;
			buildPhases = (
				A3C8568A64852E58F17CA7A8 /* [CP] Check Pods Manifest.lock */,
				03DFADCE235B657700D891AC /* R.swift */,
				03D377B0235AD618008759E0 /* Sources */,
				03D377B1235AD618008759E0 /* Frameworks */,
				03D377B2235AD618008759E0 /* Resources */,
				6D5A0D2F1A957C688A327D5E /* [CP] Embed Pods Frameworks */,
				03DFADC0235B053C00D891AC /* Embed Frameworks */,
				03DFADC7235B060900D891AC /* Carthage */,
			);
			buildRules = (
			);
			dependencies = (
			);
			name = Test4;
			productName = Test4;
			productReference = 03D377B4235AD618008759E0 /* Test4.app */;
			productType = "com.apple.product-type.application";
		};
/* End PBXNativeTarget section */

/* Begin PBXProject section */
		03D377AC235AD618008759E0 /* Project object */ = {
			isa = PBXProject;
			attributes = {
				LastSwiftUpdateCheck = 1110;
				LastUpgradeCheck = 1110;
				ORGANIZATIONNAME = "山本裕太";
				TargetAttributes = {
					03D377B3235AD618008759E0 = {
						CreatedOnToolsVersion = 11.1;
					};
				};
			};
			buildConfigurationList = 03D377AF235AD618008759E0 /* Build configuration list for PBXProject "Test4" */;
			compatibilityVersion = "Xcode 9.3";
			developmentRegion = en;
			hasScannedForEncodings = 0;
			knownRegions = (
				en,
				Base,
			);
			mainGroup = 03D377AB235AD618008759E0;
			productRefGroup = 03D377B5235AD618008759E0 /* Products */;
			projectDirPath = "";
			projectRoot = "";
			targets = (
				03D377B3235AD618008759E0 /* Test4 */,
			);
		};
/* End PBXProject section */

/* Begin PBXResourcesBuildPhase section */
		03D377B2235AD618008759E0 /* Resources */ = {
			isa = PBXResourcesBuildPhase;
			buildActionMask = 2147483647;
			files = (
				03DFADE9235C12FC00D891AC /* TabBar.storyboard in Resources */,
				03DFADEF235C149E00D891AC /* TestOne.storyboard in Resources */,
				03DFADF3235C157700D891AC /* TestTwo.storyboard in Resources */,
				03DFADF7235C15D000D891AC /* TestThree.storyboard in Resources */,
				03D377C4235AD61B008759E0 /* LaunchScreen.storyboard in Resources */,
				03D377D8235AFBAE008759E0 /* GoogleService-Info.plist in Resources */,
				03D377C1235AD61B008759E0 /* Assets.xcassets in Resources */,
				03D377BF235AD618008759E0 /* Main.storyboard in Resources */,
			);
			runOnlyForDeploymentPostprocessing = 0;
		};
/* End PBXResourcesBuildPhase section */

/* Begin PBXShellScriptBuildPhase section */
		03DFADC7235B060900D891AC /* Carthage */ = {
			isa = PBXShellScriptBuildPhase;
			buildActionMask = 2147483647;
			files = (
			);
			inputFileListPaths = (
			);
			inputPaths = (
				"$(SRCROOT)/Carthage/Build/iOS/RxSwift.framework",
				"$(SRCROOT)/Carthage/Build/iOS/RxCocoa.framework",
				"$(SRCROOT)/Carthage/Build/iOS/RxRelay.framework",
				"$(SRCROOT)/Carthage/Build/iOS/NSObject_Rx.framework",
				"$(SRCROOT)/Carthage/Build/iOS/TransitionableTab.framework",
				"$(SRCROOT)/Carthage/Build/iOS/FontAwesome.framework",
			);
			name = Carthage;
			outputFileListPaths = (
			);
			outputPaths = (
			);
			runOnlyForDeploymentPostprocessing = 0;
			shellPath = /bin/sh;
			shellScript = "/usr/local/bin/carthage copy-frameworks\n";
		};
		03DFADCE235B657700D891AC /* R.swift */ = {
			isa = PBXShellScriptBuildPhase;
			buildActionMask = 2147483647;
			files = (
			);
			inputFileListPaths = (
			);
			inputPaths = (
				"$TEMP_DIR/rswift-lastrun",
			);
			name = R.swift;
			outputFileListPaths = (
			);
			outputPaths = (
				$SRCROOT/R.generated.swift,
			);
			runOnlyForDeploymentPostprocessing = 0;
			shellPath = /bin/sh;
			shellScript = "\"$PODS_ROOT/R.swift/rswift\" generate \"$SRCROOT/R.generated.swift\"\n";
		};
		6D5A0D2F1A957C688A327D5E /* [CP] Embed Pods Frameworks */ = {
			isa = PBXShellScriptBuildPhase;
			buildActionMask = 2147483647;
			files = (
			);
			inputFileListPaths = (
				"${PODS_ROOT}/Target Support Files/Pods-Test4/Pods-Test4-frameworks-${CONFIGURATION}-input-files.xcfilelist",
			);
			name = "[CP] Embed Pods Frameworks";
			outputFileListPaths = (
				"${PODS_ROOT}/Target Support Files/Pods-Test4/Pods-Test4-frameworks-${CONFIGURATION}-output-files.xcfilelist",
			);
			runOnlyForDeploymentPostprocessing = 0;
			shellPath = /bin/sh;
			shellScript = "\"${PODS_ROOT}/Target Support Files/Pods-Test4/Pods-Test4-frameworks.sh\"\n";
			showEnvVarsInLog = 0;
		};
		A3C8568A64852E58F17CA7A8 /* [CP] Check Pods Manifest.lock */ = {
			isa = PBXShellScriptBuildPhase;
			buildActionMask = 2147483647;
			files = (
			);
			inputFileListPaths = (
			);
			inputPaths = (
				"${PODS_PODFILE_DIR_PATH}/Podfile.lock",
				"${PODS_ROOT}/Manifest.lock",
			);
			name = "[CP] Check Pods Manifest.lock";
			outputFileListPaths = (
			);
			outputPaths = (
				"$(DERIVED_FILE_DIR)/Pods-Test4-checkManifestLockResult.txt",
			);
			runOnlyForDeploymentPostprocessing = 0;
			shellPath = /bin/sh;
			shellScript = "diff \"${PODS_PODFILE_DIR_PATH}/Podfile.lock\" \"${PODS_ROOT}/Manifest.lock\" > /dev/null\nif [ $? != 0 ] ; then\n    # print error to STDERR\n    echo \"error: The sandbox is not in sync with the Podfile.lock. Run 'pod install' or update your CocoaPods installation.\" >&2\n    exit 1\nfi\n# This output is used by Xcode 'outputs' to avoid re-running this script phase.\necho \"SUCCESS\" > \"${SCRIPT_OUTPUT_FILE_0}\"\n";
			showEnvVarsInLog = 0;
		};
/* End PBXShellScriptBuildPhase section */

/* Begin PBXSourcesBuildPhase section */
		03D377B0235AD618008759E0 /* Sources */ = {
			isa = PBXSourcesBuildPhase;
			buildActionMask = 2147483647;
			files = (
				03D377BC235AD618008759E0 /* ViewController.swift in Sources */,
				03DFADF1235C152C00D891AC /* TestOneViewController.swift in Sources */,
				03DFADEB235C133700D891AC /* TabBarController.swift in Sources */,
				03D377B8235AD618008759E0 /* AppDelegate.swift in Sources */,
				03DFADED235C13CD00D891AC /* UIColor+Extended.swift in Sources */,
				03DFADD8235B711900D891AC /* R.generated.swift in Sources */,
				03DFADE7235C123700D891AC /* TabAnimations.swift in Sources */,
				03D377BA235AD618008759E0 /* SceneDelegate.swift in Sources */,
				03DFADE1235C103C00D891AC /* TabItems.swift in Sources */,
				03DFADF5235C159F00D891AC /* TestTwoViewController.swift in Sources */,
				03DFADCA235B070100D891AC /* UIViewController+Extended.swift in Sources */,
				03DFADF9235C160800D891AC /* TestThreeViewController.swift in Sources */,
			);
			runOnlyForDeploymentPostprocessing = 0;
		};
/* End PBXSourcesBuildPhase section */

/* Begin PBXVariantGroup section */
		03D377BD235AD618008759E0 /* Main.storyboard */ = {
			isa = PBXVariantGroup;
			children = (
				03D377BE235AD618008759E0 /* Base */,
			);
			name = Main.storyboard;
			sourceTree = "<group>";
		};
		03D377C2235AD61B008759E0 /* LaunchScreen.storyboard */ = {
			isa = PBXVariantGroup;
			children = (
				03D377C3235AD61B008759E0 /* Base */,
			);
			name = LaunchScreen.storyboard;
			sourceTree = "<group>";
		};
/* End PBXVariantGroup section */

/* Begin XCBuildConfiguration section */
		03D377C6235AD61B008759E0 /* Debug */ = {
			isa = XCBuildConfiguration;
			buildSettings = {
				ALWAYS_SEARCH_USER_PATHS = NO;
				CLANG_ANALYZER_NONNULL = YES;
				CLANG_ANALYZER_NUMBER_OBJECT_CONVERSION = YES_AGGRESSIVE;
				CLANG_CXX_LANGUAGE_STANDARD = "gnu++14";
				CLANG_CXX_LIBRARY = "libc++";
				CLANG_ENABLE_MODULES = YES;
				CLANG_ENABLE_OBJC_ARC = YES;
				CLANG_ENABLE_OBJC_WEAK = YES;
				CLANG_WARN_BLOCK_CAPTURE_AUTORELEASING = YES;
				CLANG_WARN_BOOL_CONVERSION = YES;
				CLANG_WARN_COMMA = YES;
				CLANG_WARN_CONSTANT_CONVERSION = YES;
				CLANG_WARN_DEPRECATED_OBJC_IMPLEMENTATIONS = YES;
				CLANG_WARN_DIRECT_OBJC_ISA_USAGE = YES_ERROR;
				CLANG_WARN_DOCUMENTATION_COMMENTS = YES;
				CLANG_WARN_EMPTY_BODY = YES;
				CLANG_WARN_ENUM_CONVERSION = YES;
				CLANG_WARN_INFINITE_RECURSION = YES;
				CLANG_WARN_INT_CONVERSION = YES;
				CLANG_WARN_NON_LITERAL_NULL_CONVERSION = YES;
				CLANG_WARN_OBJC_IMPLICIT_RETAIN_SELF = YES;
				CLANG_WARN_OBJC_LITERAL_CONVERSION = YES;
				CLANG_WARN_OBJC_ROOT_CLASS = YES_ERROR;
				CLANG_WARN_RANGE_LOOP_ANALYSIS = YES;
				CLANG_WARN_STRICT_PROTOTYPES = YES;
				CLANG_WARN_SUSPICIOUS_MOVE = YES;
				CLANG_WARN_UNGUARDED_AVAILABILITY = YES_AGGRESSIVE;
				CLANG_WARN_UNREACHABLE_CODE = YES;
				CLANG_WARN__DUPLICATE_METHOD_MATCH = YES;
				COPY_PHASE_STRIP = NO;
				DEBUG_INFORMATION_FORMAT = dwarf;
				ENABLE_STRICT_OBJC_MSGSEND = YES;
				ENABLE_TESTABILITY = YES;
				GCC_C_LANGUAGE_STANDARD = gnu11;
				GCC_DYNAMIC_NO_PIC = NO;
				GCC_NO_COMMON_BLOCKS = YES;
				GCC_OPTIMIZATION_LEVEL = 0;
				GCC_PREPROCESSOR_DEFINITIONS = (
					"DEBUG=1",
					"$(inherited)",
				);
				GCC_WARN_64_TO_32_BIT_CONVERSION = YES;
				GCC_WARN_ABOUT_RETURN_TYPE = YES_ERROR;
				GCC_WARN_UNDECLARED_SELECTOR = YES;
				GCC_WARN_UNINITIALIZED_AUTOS = YES_AGGRESSIVE;
				GCC_WARN_UNUSED_FUNCTION = YES;
				GCC_WARN_UNUSED_VARIABLE = YES;
				IPHONEOS_DEPLOYMENT_TARGET = 13.1;
				MTL_ENABLE_DEBUG_INFO = INCLUDE_SOURCE;
				MTL_FAST_MATH = YES;
				ONLY_ACTIVE_ARCH = YES;
				SDKROOT = iphoneos;
				SWIFT_ACTIVE_COMPILATION_CONDITIONS = DEBUG;
				SWIFT_OPTIMIZATION_LEVEL = "-Onone";
			};
			name = Debug;
		};
		03D377C7235AD61B008759E0 /* Release */ = {
			isa = XCBuildConfiguration;
			buildSettings = {
				ALWAYS_SEARCH_USER_PATHS = NO;
				CLANG_ANALYZER_NONNULL = YES;
				CLANG_ANALYZER_NUMBER_OBJECT_CONVERSION = YES_AGGRESSIVE;
				CLANG_CXX_LANGUAGE_STANDARD = "gnu++14";
				CLANG_CXX_LIBRARY = "libc++";
				CLANG_ENABLE_MODULES = YES;
				CLANG_ENABLE_OBJC_ARC = YES;
				CLANG_ENABLE_OBJC_WEAK = YES;
				CLANG_WARN_BLOCK_CAPTURE_AUTORELEASING = YES;
				CLANG_WARN_BOOL_CONVERSION = YES;
				CLANG_WARN_COMMA = YES;
				CLANG_WARN_CONSTANT_CONVERSION = YES;
				CLANG_WARN_DEPRECATED_OBJC_IMPLEMENTATIONS = YES;
				CLANG_WARN_DIRECT_OBJC_ISA_USAGE = YES_ERROR;
				CLANG_WARN_DOCUMENTATION_COMMENTS = YES;
				CLANG_WARN_EMPTY_BODY = YES;
				CLANG_WARN_ENUM_CONVERSION = YES;
				CLANG_WARN_INFINITE_RECURSION = YES;
				CLANG_WARN_INT_CONVERSION = YES;
				CLANG_WARN_NON_LITERAL_NULL_CONVERSION = YES;
				CLANG_WARN_OBJC_IMPLICIT_RETAIN_SELF = YES;
				CLANG_WARN_OBJC_LITERAL_CONVERSION = YES;
				CLANG_WARN_OBJC_ROOT_CLASS = YES_ERROR;
				CLANG_WARN_RANGE_LOOP_ANALYSIS = YES;
				CLANG_WARN_STRICT_PROTOTYPES = YES;
				CLANG_WARN_SUSPICIOUS_MOVE = YES;
				CLANG_WARN_UNGUARDED_AVAILABILITY = YES_AGGRESSIVE;
				CLANG_WARN_UNREACHABLE_CODE = YES;
				CLANG_WARN__DUPLICATE_METHOD_MATCH = YES;
				COPY_PHASE_STRIP = NO;
				DEBUG_INFORMATION_FORMAT = "dwarf-with-dsym";
				ENABLE_NS_ASSERTIONS = NO;
				ENABLE_STRICT_OBJC_MSGSEND = YES;
				GCC_C_LANGUAGE_STANDARD = gnu11;
				GCC_NO_COMMON_BLOCKS = YES;
				GCC_WARN_64_TO_32_BIT_CONVERSION = YES;
				GCC_WARN_ABOUT_RETURN_TYPE = YES_ERROR;
				GCC_WARN_UNDECLARED_SELECTOR = YES;
				GCC_WARN_UNINITIALIZED_AUTOS = YES_AGGRESSIVE;
				GCC_WARN_UNUSED_FUNCTION = YES;
				GCC_WARN_UNUSED_VARIABLE = YES;
				IPHONEOS_DEPLOYMENT_TARGET = 13.1;
				MTL_ENABLE_DEBUG_INFO = NO;
				MTL_FAST_MATH = YES;
				SDKROOT = iphoneos;
				SWIFT_COMPILATION_MODE = wholemodule;
				SWIFT_OPTIMIZATION_LEVEL = "-O";
				VALIDATE_PRODUCT = YES;
			};
			name = Release;
		};
		03D377C9235AD61B008759E0 /* Debug */ = {
			isa = XCBuildConfiguration;
			baseConfigurationReference = 4738F73DDD6D7AF7903841CC /* Pods-Test4.debug.xcconfig */;
			buildSettings = {
				ASSETCATALOG_COMPILER_APPICON_NAME = AppIcon;
				CODE_SIGN_STYLE = Automatic;
				DEVELOPMENT_TEAM = QJA2WU2RRL;
				FRAMEWORK_SEARCH_PATHS = (
					"$(inherited)",
					"$(PROJECT_DIR)/Carthage/Build/iOS",
				);
				INFOPLIST_FILE = Test4/Info.plist;
				LD_RUNPATH_SEARCH_PATHS = (
					"$(inherited)",
					"@executable_path/Frameworks",
				);
				PRODUCT_BUNDLE_IDENTIFIER = yutayamamoto.Test4;
				PRODUCT_NAME = "$(TARGET_NAME)";
				SWIFT_VERSION = 5.0;
				TARGETED_DEVICE_FAMILY = "1,2";
			};
			name = Debug;
		};
		03D377CA235AD61B008759E0 /* Release */ = {
			isa = XCBuildConfiguration;
			baseConfigurationReference = E918870B48680B3F01894297 /* Pods-Test4.release.xcconfig */;
			buildSettings = {
				ASSETCATALOG_COMPILER_APPICON_NAME = AppIcon;
				CODE_SIGN_STYLE = Automatic;
				DEVELOPMENT_TEAM = QJA2WU2RRL;
				FRAMEWORK_SEARCH_PATHS = (
					"$(inherited)",
					"$(PROJECT_DIR)/Carthage/Build/iOS",
				);
				INFOPLIST_FILE = Test4/Info.plist;
				LD_RUNPATH_SEARCH_PATHS = (
					"$(inherited)",
					"@executable_path/Frameworks",
				);
				PRODUCT_BUNDLE_IDENTIFIER = yutayamamoto.Test4;
				PRODUCT_NAME = "$(TARGET_NAME)";
				SWIFT_VERSION = 5.0;
				TARGETED_DEVICE_FAMILY = "1,2";
			};
			name = Release;
		};
/* End XCBuildConfiguration section */

/* Begin XCConfigurationList section */
		03D377AF235AD618008759E0 /* Build configuration list for PBXProject "Test4" */ = {
			isa = XCConfigurationList;
			buildConfigurations = (
				03D377C6235AD61B008759E0 /* Debug */,
				03D377C7235AD61B008759E0 /* Release */,
			);
			defaultConfigurationIsVisible = 0;
			defaultConfigurationName = Release;
		};
		03D377C8235AD61B008759E0 /* Build configuration list for PBXNativeTarget "Test4" */ = {
			isa = XCConfigurationList;
			buildConfigurations = (
				03D377C9235AD61B008759E0 /* Debug */,
				03D377CA235AD61B008759E0 /* Release */,
			);
			defaultConfigurationIsVisible = 0;
			defaultConfigurationName = Release;
		};
/* End XCConfigurationList section */
	};
	rootObject = 03D377AC235AD618008759E0 /* Project object */;
}
